{
  "name": "qin.js",
  "version": "0.1.12",
  "lockfileVersion": 1,
  "requires": true,
  "dependencies": {
    "analysis.js": {
      "version": "1.1.0",
      "resolved": "https://registry.npmjs.org/analysis.js/-/analysis.js-1.1.0.tgz",
      "integrity": "sha512-O3Qmplkr9447WGwjRp/Sw4rnhL1lDfH3iy5LP88RsyLkwfwqavt2m3//JsNvKTWgt9e4DqRSd3FQ7qISWnvvFQ=="
    },
    "async-limiter": {
      "version": "1.0.0",
      "resolved": "https://registry.npmjs.org/async-limiter/-/async-limiter-1.0.0.tgz",
      "integrity": "sha512-jp/uFnooOiO+L211eZOoSyzpOITMXx1rBITauYykG3BRYPu8h0UcxsPNB04RR5vo4Tyz3+ay17tR6JVf9qzYWg=="
    },
    "base64-js": {
      "version": "1.3.0",
      "resolved": "https://registry.npmjs.org/base64-js/-/base64-js-1.3.0.tgz",
      "integrity": "sha512-ccav/yGvoa80BQDljCxsmmQ3Xvx60/UpBIij5QN21W3wBi/hhIC9OoO+KLpu9IJTS9j4DRVJ3aDDF9cMSoa2lw=="
    },
    "binary-search-tree": {
      "version": "0.2.5",
      "resolved": "https://registry.npmjs.org/binary-search-tree/-/binary-search-tree-0.2.5.tgz",
      "integrity": "sha1-fbs7IQ/coIJFDa0jNMMErzm9x4Q=",
      "requires": {
        "underscore": "~1.4.4"
      },
      "dependencies": {
        "underscore": {
          "version": "1.4.4",
          "resolved": "https://registry.npmjs.org/underscore/-/underscore-1.4.4.tgz",
          "integrity": "sha1-YaajIBBiKvoHljvzJSA88SI51gQ="
        }
      }
    },
    "clone": {
      "version": "2.1.1",
      "resolved": "https://registry.npmjs.org/clone/-/clone-2.1.1.tgz",
      "integrity": "sha1-0hfR6WERjjrJpLi7oyhVU79kfNs="
    },
    "component-emitter": {
      "version": "1.2.1",
      "resolved": "https://registry.npmjs.org/component-emitter/-/component-emitter-1.2.1.tgz",
      "integrity": "sha1-E3kY1teCg/ffemt8WmPhQOaUJeY="
    },
    "get-params": {
      "version": "0.1.2",
      "resolved": "https://registry.npmjs.org/get-params/-/get-params-0.1.2.tgz",
      "integrity": "sha1-uuDfq6WIoMYNeDTA2Nwv9g7u8v4="
    },
    "ieee754": {
      "version": "1.1.13",
      "resolved": "https://registry.npmjs.org/ieee754/-/ieee754-1.1.13.tgz",
      "integrity": "sha512-4vf7I2LYV/HaWerSo3XmlMkp5eZ83i+/CDluXi/IGTs/O1sejBNhTtnxzmRZfvOUqj7lZjqHkeTvpgSFDlWZTg=="
    },
    "immediate": {
      "version": "3.0.6",
      "resolved": "https://registry.npmjs.org/immediate/-/immediate-3.0.6.tgz",
      "integrity": "sha1-nbHb0Pr43m++D13V5Wu2BigN5ps="
    },
    "immer": {
      "version": "6.0.3",
      "resolved": "https://registry.npmjs.org/immer/-/immer-6.0.3.tgz",
      "integrity": "sha512-12VvNrfSrXZdm/BJgi/KDW2soq5freVSf3I1+4CLunUM8mAGx2/0Njy0xBVzi5zewQZiwM7z1/1T+8VaI7NkmQ=="
    },
    "js-tokens": {
      "version": "4.0.0",
      "resolved": "https://registry.npmjs.org/js-tokens/-/js-tokens-4.0.0.tgz",
      "integrity": "sha512-RdJUflcE3cUzKiMqQgsCu06FPu9UdIJO0beYbPhHN4k6apgJtifcoCtT9bcxOpYBtpD2kCM6Sbzg4CausW/PKQ=="
    },
    "jsan": {
      "version": "3.1.13",
      "resolved": "https://registry.npmjs.org/jsan/-/jsan-3.1.13.tgz",
      "integrity": "sha512-9kGpCsGHifmw6oJet+y8HaCl14y7qgAsxVdV3pCHDySNR3BfDC30zgkssd7x5LRVAT22dnpbe9JdzzmXZnq9/g=="
    },
    "lie": {
      "version": "3.1.1",
      "resolved": "https://registry.npmjs.org/lie/-/lie-3.1.1.tgz",
      "integrity": "sha1-mkNrLMd0bKWd56QfpGmz77dr2H4=",
      "requires": {
        "immediate": "~3.0.5"
      }
    },
    "linked-list": {
      "version": "0.1.0",
      "resolved": "https://registry.npmjs.org/linked-list/-/linked-list-0.1.0.tgz",
      "integrity": "sha1-eYsP+X0bkqT9CEgPVa6k6dSdN78="
    },
    "localforage": {
      "version": "1.7.3",
      "resolved": "https://registry.npmjs.org/localforage/-/localforage-1.7.3.tgz",
      "integrity": "sha512-1TulyYfc4udS7ECSBT2vwJksWbkwwTX8BzeUIiq8Y07Riy7bDAAnxDaPU/tWyOVmQAcWJIEIFP9lPfBGqVoPgQ==",
      "requires": {
        "lie": "3.1.1"
      }
    },
    "lodash": {
      "version": "4.17.19",
      "resolved": "https://registry.npmjs.org/lodash/-/lodash-4.17.19.tgz",
      "integrity": "sha512-JNvd8XER9GQX0v2qJgsaN/mzFCNA5BRe/j8JN9d+tWyGLSodKQHKFicdwNYzWwI3wjRnaKPsGj1XkBjx/F96DQ=="
    },
    "loose-envify": {
      "version": "1.4.0",
      "resolved": "https://registry.npmjs.org/loose-envify/-/loose-envify-1.4.0.tgz",
      "integrity": "sha512-lyuxPGr/Wfhrlem2CL/UcnUc1zcqKAImBDzukY7Y5F/yQiNdko6+fRLevlw1HgMySw7f611UIY408EtxRSoK3Q==",
      "requires": {
        "js-tokens": "^3.0.0 || ^4.0.0"
      }
    },
    "minimist": {
      "version": "1.2.5",
      "resolved": "https://registry.npmjs.org/minimist/-/minimist-1.2.5.tgz",
      "integrity": "sha512-FM9nNUYrRBAELZQT3xeZQ7fmMOBg6nWNmJKTcgsJeaLstP/UODVpGsr5OhXhhXg6f+qtJ8uiZ+PUxkDWcgIXLw=="
    },
    "mkdirp": {
      "version": "0.5.5",
      "resolved": "https://registry.npmjs.org/mkdirp/-/mkdirp-0.5.5.tgz",
      "integrity": "sha512-NKmAlESf6jMGym1++R0Ra7wvhV+wFW63FaSOFPwRahvea0gMUcGUhVeAg/0BC0wiv9ih5NYPB1Wn1UEI1/L+xQ==",
      "requires": {
        "minimist": "^1.2.5"
      }
    },
    "nanoid": {
      "version": "2.0.3",
      "resolved": "https://registry.npmjs.org/nanoid/-/nanoid-2.0.3.tgz",
      "integrity": "sha512-NbaoqdhIYmY6FXDRB4eYtDVC9Z9eCbn8TyaiC16LNKtpPv/aqa0tOPD8y6gNE4yUNnaZ7LLhYtXOev/6+cBtfw=="
    },
    "nedb": {
      "version": "1.8.0",
      "resolved": "https://registry.npmjs.org/nedb/-/nedb-1.8.0.tgz",
      "integrity": "sha1-DjUCzYLABNU1WkPJ5VV3vXvZHYg=",
      "requires": {
        "async": "0.2.10",
        "binary-search-tree": "0.2.5",
        "localforage": "^1.3.0",
        "mkdirp": "~0.5.1",
        "underscore": "~1.4.4"
      },
      "dependencies": {
        "async": {
          "version": "0.2.10",
          "resolved": "https://registry.npmjs.org/async/-/async-0.2.10.tgz",
          "integrity": "sha1-trvgsGdLnXGXCMo43owjfLUmw9E="
        },
        "underscore": {
          "version": "1.4.4",
          "resolved": "https://registry.npmjs.org/underscore/-/underscore-1.4.4.tgz",
          "integrity": "sha1-YaajIBBiKvoHljvzJSA88SI51gQ="
        }
      }
    },
    "perlin.js": {
      "version": "1.0.0",
      "resolved": "https://registry.npmjs.org/perlin.js/-/perlin.js-1.0.0.tgz",
      "integrity": "sha512-0MVPmdJDH6GjDoa0hOTboFTPNZeJXhFRlsyEi1GPEVke0vhF1zVrtfEaQ3hH7M2NB5+V0rCPOGWjkBksQhZB4A=="
    },
    "querystring": {
      "version": "0.2.0",
      "resolved": "https://registry.npmjs.org/querystring/-/querystring-0.2.0.tgz",
      "integrity": "sha1-sgmEkgO7Jd+CDadW50cAWHhSFiA="
    },
    "redux": {
      "version": "4.0.5",
      "resolved": "https://registry.npmjs.org/redux/-/redux-4.0.5.tgz",
      "integrity": "sha512-VSz1uMAH24DM6MF72vcojpYPtrTUu3ByVWfPL1nPfVRb5mZVTve5GnNCUV53QM/BZ66xfWrm0CTWoM+Xlz8V1w==",
      "requires": {
        "loose-envify": "^1.4.0",
        "symbol-observable": "^1.2.0"
      }
    },
    "redux-devtools-core": {
      "version": "0.2.1",
      "resolved": "https://registry.npmjs.org/redux-devtools-core/-/redux-devtools-core-0.2.1.tgz",
      "integrity": "sha512-RAGOxtUFdr/1USAvxrWd+Gq/Euzgw7quCZlO5TgFpDfG7rB5tMhZUrNyBjpzgzL2yMk0eHnPYIGm7NkIfRzHxQ==",
      "requires": {
        "get-params": "^0.1.2",
        "jsan": "^3.1.13",
        "lodash": "^4.17.11",
        "nanoid": "^2.0.0",
        "remotedev-serialize": "^0.1.8"
      }
    },
    "redux-devtools-instrument": {
      "version": "1.9.6",
      "resolved": "https://registry.npmjs.org/redux-devtools-instrument/-/redux-devtools-instrument-1.9.6.tgz",
      "integrity": "sha512-MwvY4cLEB2tIfWWBzrUR02UM9qRG2i7daNzywRvabOSVdvAY7s9BxSwMmVRH1Y/7QWjplNtOwgT0apKhHg2Qew==",
      "requires": {
        "lodash": "^4.2.0",
        "symbol-observable": "^1.0.2"
      }
    },
    "remote-redux-devtools": {
      "version": "0.5.16",
      "resolved": "https://registry.npmjs.org/remote-redux-devtools/-/remote-redux-devtools-0.5.16.tgz",
      "integrity": "sha512-xZ2D1VRIWzat5nsvcraT6fKEX9Cfi+HbQBCwzNnUAM8Uicm/anOc60XGalcaDPrVmLug7nhDl2nimEa3bL3K9w==",
      "requires": {
        "jsan": "^3.1.13",
        "querystring": "^0.2.0",
        "redux-devtools-core": "^0.2.1",
        "redux-devtools-instrument": "^1.9.4",
        "rn-host-detect": "^1.1.5",
        "socketcluster-client": "^14.2.1"
      }
    },
    "remotedev-serialize": {
      "version": "0.1.8",
      "resolved": "https://registry.npmjs.org/remotedev-serialize/-/remotedev-serialize-0.1.8.tgz",
      "integrity": "sha512-3YG/FDcOmiK22bl5oMRM8RRnbGrFEuPGjbcDG+z2xi5aQaNQNZ8lqoRnZTwXVfaZtutXuiAQOgPRrogzQk8edg==",
      "requires": {
        "jsan": "^3.1.13"
      }
    },
    "rn-host-detect": {
      "version": "1.1.5",
      "resolved": "https://registry.npmjs.org/rn-host-detect/-/rn-host-detect-1.1.5.tgz",
      "integrity": "sha512-ufk2dFT3QeP9HyZ/xTuMtW27KnFy815CYitJMqQm+pgG3ZAtHBsrU8nXizNKkqXGy3bQmhEoloVbrfbvMJMqkg=="
    },
    "sc-channel": {
      "version": "1.2.0",
      "resolved": "https://registry.npmjs.org/sc-channel/-/sc-channel-1.2.0.tgz",
      "integrity": "sha512-M3gdq8PlKg0zWJSisWqAsMmTVxYRTpVRqw4CWAdKBgAfVKumFcTjoCV0hYu7lgUXccCtCD8Wk9VkkE+IXCxmZA==",
      "requires": {
        "component-emitter": "1.2.1"
      }
    },
    "sc-errors": {
      "version": "1.4.1",
      "resolved": "https://registry.npmjs.org/sc-errors/-/sc-errors-1.4.1.tgz",
      "integrity": "sha512-dBn92iIonpChTxYLgKkIT/PCApvmYT6EPIbRvbQKTgY6tbEbIy8XVUv4pGyKwEK4nCmvX4TKXcN0iXC6tNW6rQ=="
    },
    "sc-formatter": {
      "version": "3.0.2",
      "resolved": "https://registry.npmjs.org/sc-formatter/-/sc-formatter-3.0.2.tgz",
      "integrity": "sha512-9PbqYBpCq+OoEeRQ3QfFIGE6qwjjBcd2j7UjgDlhnZbtSnuGgHdcRklPKYGuYFH82V/dwd+AIpu8XvA1zqTd+A=="
    },
    "socketcluster-client": {
      "version": "14.3.0",
      "resolved": "https://registry.npmjs.org/socketcluster-client/-/socketcluster-client-14.3.0.tgz",
      "integrity": "sha512-ppamWR5N7fa9Lb4+ffOhMA8VMJfaSBWcD3cWCwAQ0wbg5c61LsTrK2rOPEnQ/uuhQzvLkgibEFiHWsUGRWkfNg==",
      "requires": {
        "buffer": "^5.2.1",
        "clone": "2.1.1",
        "component-emitter": "1.2.1",
        "linked-list": "0.1.0",
        "querystring": "0.2.0",
        "sc-channel": "^1.2.0",
        "sc-errors": "^1.4.1",
        "sc-formatter": "^3.0.1",
        "uuid": "3.2.1",
        "ws": "7.1.0"
      },
      "dependencies": {
        "buffer": {
          "version": "5.2.1",
          "resolved": "https://registry.npmjs.org/buffer/-/buffer-5.2.1.tgz",
          "integrity": "sha512-c+Ko0loDaFfuPWiL02ls9Xd3GO3cPVmUobQ6t3rXNUk304u6hGq+8N/kFi+QEIKhzK3uwolVhLzszmfLmMLnqg==",
          "requires": {
            "base64-js": "^1.0.2",
            "ieee754": "^1.1.4"
          }
        }
      }
    },
    "symbol-observable": {
      "version": "1.2.0",
      "resolved": "https://registry.npmjs.org/symbol-observable/-/symbol-observable-1.2.0.tgz",
      "integrity": "sha512-e900nM8RRtGhlV36KGEU9k65K3mPb1WV70OdjfxlG2EAuM1noi/E/BaW/uMhL7bPEssK8QV57vN3esixjUvcXQ=="
    },
    "ulid": {
      "version": "2.3.0",
      "resolved": "https://registry.npmjs.org/ulid/-/ulid-2.3.0.tgz",
      "integrity": "sha512-keqHubrlpvT6G2wH0OEfSW4mquYRcbe/J8NMmveoQOjUqmo+hXtO+ORCpWhdbZ7k72UtY61BL7haGxW6enBnjw=="
    },
    "uuid": {
      "version": "3.2.1",
      "resolved": "https://registry.npmjs.org/uuid/-/uuid-3.2.1.tgz",
      "integrity": "sha512-jZnMwlb9Iku/O3smGWvZhauCf6cvvpKi4BKRiliS3cxnI+Gz9j5MEpTz2UFuXiKPJocb7gnsLHwiS05ige5BEA=="
    },
    "ws": {
      "version": "7.1.0",
      "resolved": "https://registry.npmjs.org/ws/-/ws-7.1.0.tgz",
      "integrity": "sha512-Swie2C4fs7CkwlHu1glMePLYJJsWjzhl1vm3ZaLplD0h7OMkZyZ6kLTB/OagiU923bZrPFXuDTeEqaEN4NWG4g==",
      "requires": {
        "async-limiter": "^1.0.0"
      }
    }
  }
}
